
Microsoft Visual Studio Solution File, Format Version 12.00
Project("{FAE04EC0-301F-11D3-BF4B-00C04F79EFBC}") = "HidLibrary", "HidLibrary\HidLibrary.csproj", "{12A27FC2-10F6-42EC-89D9-22E52E79853A}"
EndProject
Project("{FAE04EC0-301F-11D3-BF4B-00C04F79EFBC}") = "EnumTest", "EnumTest\EnumTest.csproj", "{C24D11C3-2264-4231-8D45-C384943E2AA8}"
EndProject
Global
	GlobalSection(SolutionConfigurationPlatforms) = preSolution
		Debug|Any CPU = Debug|Any CPU
		Release|Any CPU = Release|Any CPU
	EndGlobalSection
	GlobalSection(ProjectConfigurationPlatforms) = postSolution
		{12A27FC2-10F6-42EC-89D9-22E52E79853A}.Debug|Any CPU.ActiveCfg = Debug|Any CPU
		{12A27FC2-10F6-42EC-89D9-22E52E79853A}.Debug|Any CPU.Build.0 = Debug|Any CPU
		{12A27FC2-10F6-42EC-89D9-22E52E79853A}.Release|Any CPU.ActiveCfg = Release|Any CPU
		{12A27FC2-10F6-42EC-89D9-22E52E79853A}.Release|Any CPU.Build.0 = Release|Any CPU
		{C24D11C3-2264-4231-8D45-C384943E2AA8}.Debug|Any CPU.ActiveCfg = Debug|Any CPU
		{C24D11C3-2264-4231-8D45-C384943E2AA8}.Debug|Any CPU.Build.0 = Debug|Any CPU
		{C24D11C3-2264-4231-8D45-C384943E2AA8}.Release|Any CPU.ActiveCfg = Release|Any CPU
		{C24D11C3-2264-4231-8D45-C384943E2AA8}.Release|Any CPU.Build.0 = Release|Any CPU
	EndGlobalSection
EndGlobal
